
Microsoft Visual Studio Solution File, Format Version 12.00
# Visual Studio Version 17
VisualStudioVersion = 17.1.32328.378
MinimumVisualStudioVersion = 10.0.40219.1
Project("{FAE04EC0-301F-11D3-BF4B-00C04F79EFBC}") = "pryKaplanClase1", "pryKaplanClase1.csproj", "{5F3557F5-E834-4956-8EBA-66F8492A19B8}"
EndProject
Global
	GlobalSection(SolutionConfigurationPlatforms) = preSolution
		Debug|Any CPU = Debug|Any CPU
		Release|Any CPU = Release|Any CPU
	EndGlobalSection
	GlobalSection(ProjectConfigurationPlatforms) = postSolution
		{5F3557F5-E834-4956-8EBA-66F8492A19B8}.Debug|Any CPU.ActiveCfg = Debug|Any CPU
		{5F3557F5-E834-4956-8EBA-66F8492A19B8}.Debug|Any CPU.Build.0 = Debug|Any CPU
		{5F3557F5-E834-4956-8EBA-66F8492A19B8}.Release|Any CPU.ActiveCfg = Release|Any CPU
		{5F3557F5-E834-4956-8EBA-66F8492A19B8}.Release|Any CPU.Build.0 = Release|Any CPU
	EndGlobalSection
	GlobalSection(SolutionProperties) = preSolution
		HideSolutionNode = FALSE
	EndGlobalSection
	GlobalSection(ExtensibilityGlobals) = postSolution
		SolutionGuid = {1EB672A8-DAEC-4EA6-B0A8-341B0E91D4EC}
	EndGlobalSection
EndGlobal
